
Microsoft Visual Studio Solution File, Format Version 12.00
# Visual Studio Version 17
VisualStudioVersion = 17.6.33723.286
MinimumVisualStudioVersion = 10.0.40219.1
Project("{FAE04EC0-301F-11D3-BF4B-00C04F79EFBC}") = "test-web-app", "test-web-app.csproj", "{1786EBB6-5A30-4931-84E7-598F56B7C34E}"
EndProject
Global
	GlobalSection(SolutionConfigurationPlatforms) = preSolution
		Debug|Any CPU = Debug|Any CPU
		Release|Any CPU = Release|Any CPU
	EndGlobalSection
	GlobalSection(ProjectConfigurationPlatforms) = postSolution
		{1786EBB6-5A30-4931-84E7-598F56B7C34E}.Debug|Any CPU.ActiveCfg = Debug|Any CPU
		{1786EBB6-5A30-4931-84E7-598F56B7C34E}.Debug|Any CPU.Build.0 = Debug|Any CPU
		{1786EBB6-5A30-4931-84E7-598F56B7C34E}.Release|Any CPU.ActiveCfg = Release|Any CPU
		{1786EBB6-5A30-4931-84E7-598F56B7C34E}.Release|Any CPU.Build.0 = Release|Any CPU
	EndGlobalSection
	GlobalSection(SolutionProperties) = preSolution
		HideSolutionNode = FALSE
	EndGlobalSection
	GlobalSection(ExtensibilityGlobals) = postSolution
		SolutionGuid = {0EC1934E-C98F-45E7-BC67-19178E45BC8B}
	EndGlobalSection
EndGlobal
